
Microsoft Visual Studio Solution File, Format Version 12.00
# Visual Studio Version 17
VisualStudioVersion = 17.3.32825.248
MinimumVisualStudioVersion = 10.0.40219.1
Project("{9A19103F-16F7-4668-BE54-9A1E7A4F7556}") = "WinRegistryTweaks", "WinRegistryTweaks.csproj", "{F7D7FAE0-B65F-4382-9872-F917DD4C1FDC}"
EndProject
Global
	GlobalSection(SolutionConfigurationPlatforms) = preSolution
		Debug|Any CPU = Debug|Any CPU
		Release|Any CPU = Release|Any CPU
	EndGlobalSection
	GlobalSection(ProjectConfigurationPlatforms) = postSolution
		{F7D7FAE0-B65F-4382-9872-F917DD4C1FDC}.Debug|Any CPU.ActiveCfg = Debug|Any CPU
		{F7D7FAE0-B65F-4382-9872-F917DD4C1FDC}.Debug|Any CPU.Build.0 = Debug|Any CPU
		{F7D7FAE0-B65F-4382-9872-F917DD4C1FDC}.Release|Any CPU.ActiveCfg = Release|Any CPU
		{F7D7FAE0-B65F-4382-9872-F917DD4C1FDC}.Release|Any CPU.Build.0 = Release|Any CPU
	EndGlobalSection
	GlobalSection(SolutionProperties) = preSolution
		HideSolutionNode = FALSE
	EndGlobalSection
	GlobalSection(ExtensibilityGlobals) = postSolution
		SolutionGuid = {21E73D52-5707-453F-9A96-AB14E0574D21}
	EndGlobalSection
EndGlobal
